// !$*UTF8*$!
{
	archiveVersion = 1;
	classes = {
	};
	objectVersion = 56;
	objects = {

/* Begin PBXBuildFile section */
		F41FD89E2C394823001690A7 /* PlantRecognitionApp.swift in Sources */ = {isa = PBXBuildFile; fileRef = F41FD89D2C394823001690A7 /* PlantRecognitionApp.swift */; };
		F41FD8A02C394823001690A7 /* ContentView.swift in Sources */ = {isa = PBXBuildFile; fileRef = F41FD89F2C394823001690A7 /* ContentView.swift */; };
		F41FD8A22C394824001690A7 /* Assets.xcassets in Resources */ = {isa = PBXBuildFile; fileRef = F41FD8A12C394824001690A7 /* Assets.xcassets */; };
		F41FD8A52C394824001690A7 /* Preview Assets.xcassets in Resources */ = {isa = PBXBuildFile; fileRef = F41FD8A42C394824001690A7 /* Preview Assets.xcassets */; };
		F41FD8AF2C394824001690A7 /* PlantRecognitionTests.swift in Sources */ = {isa = PBXBuildFile; fileRef = F41FD8AE2C394824001690A7 /* PlantRecognitionTests.swift */; };
		F41FD8B92C394824001690A7 /* PlantRecognitionUITests.swift in Sources */ = {isa = PBXBuildFile; fileRef = F41FD8B82C394824001690A7 /* PlantRecognitionUITests.swift */; };
		F41FD8BB2C394824001690A7 /* PlantRecognitionUITestsLaunchTests.swift in Sources */ = {isa = PBXBuildFile; fileRef = F41FD8BA2C394824001690A7 /* PlantRecognitionUITestsLaunchTests.swift */; };
		F49E2B882C48F6FE002189CA /* CameraView.swift in Sources */ = {isa = PBXBuildFile; fileRef = F49E2B872C48F6FE002189CA /* CameraView.swift */; };
		F4ADA4102C42BEAE007E0FD0 /* HealthKitManager.swift in Sources */ = {isa = PBXBuildFile; fileRef = F4ADA40F2C42BEAE007E0FD0 /* HealthKitManager.swift */; };
		F4F96C6D2C4B76F0007100E3 /* PhotoManager.swift in Sources */ = {isa = PBXBuildFile; fileRef = F4F96C6C2C4B76F0007100E3 /* PhotoManager.swift */; };
/* End PBXBuildFile section */

/* Begin PBXContainerItemProxy section */
		F41FD8AB2C394824001690A7 /* PBXContainerItemProxy */ = {
			isa = PBXContainerItemProxy;
			containerPortal = F41FD8922C394823001690A7 /* Project object */;
			proxyType = 1;
			remoteGlobalIDString = F41FD8992C394823001690A7;
			remoteInfo = PlantRecognition;
		};
		F41FD8B52C394824001690A7 /* PBXContainerItemProxy */ = {
			isa = PBXContainerItemProxy;
			containerPortal = F41FD8922C394823001690A7 /* Project object */;
			proxyType = 1;
			remoteGlobalIDString = F41FD8992C394823001690A7;
			remoteInfo = PlantRecognition;
		};
/* End PBXContainerItemProxy section */

/* Begin PBXFileReference section */
		F41FD89A2C394823001690A7 /* PlantRecognition.app */ = {isa = PBXFileReference; explicitFileType = wrapper.application; includeInIndex = 0; path = PlantRecognition.app; sourceTree = BUILT_PRODUCTS_DIR; };
		F41FD89D2C394823001690A7 /* PlantRecognitionApp.swift */ = {isa = PBXFileReference; lastKnownFileType = sourcecode.swift; path = PlantRecognitionApp.swift; sourceTree = "<group>"; };
		F41FD89F2C394823001690A7 /* ContentView.swift */ = {isa = PBXFileReference; lastKnownFileType = sourcecode.swift; path = ContentView.swift; sourceTree = "<group>"; };
		F41FD8A12C394824001690A7 /* Assets.xcassets */ = {isa = PBXFileReference; lastKnownFileType = folder.assetcatalog; path = Assets.xcassets; sourceTree = "<group>"; };
		F41FD8A42C394824001690A7 /* Preview Assets.xcassets */ = {isa = PBXFileReference; lastKnownFileType = folder.assetcatalog; path = "Preview Assets.xcassets"; sourceTree = "<group>"; };
		F41FD8AA2C394824001690A7 /* PlantRecognitionTests.xctest */ = {isa = PBXFileReference; explicitFileType = wrapper.cfbundle; includeInIndex = 0; path = PlantRecognitionTests.xctest; sourceTree = BUILT_PRODUCTS_DIR; };
		F41FD8AE2C394824001690A7 /* PlantRecognitionTests.swift */ = {isa = PBXFileReference; lastKnownFileType = sourcecode.swift; path = PlantRecognitionTests.swift; sourceTree = "<group>"; };
		F41FD8B42C394824001690A7 /* PlantRecognitionUITests.xctest */ = {isa = PBXFileReference; explicitFileType = wrapper.cfbundle; includeInIndex = 0; path = PlantRecognitionUITests.xctest; sourceTree = BUILT_PRODUCTS_DIR; };
		F41FD8B82C394824001690A7 /* PlantRecognitionUITests.swift */ = {isa = PBXFileReference; lastKnownFileType = sourcecode.swift; path = PlantRecognitionUITests.swift; sourceTree = "<group>"; };
		F41FD8BA2C394824001690A7 /* PlantRecognitionUITestsLaunchTests.swift */ = {isa = PBXFileReference; lastKnownFileType = sourcecode.swift; path = PlantRecognitionUITestsLaunchTests.swift; sourceTree = "<group>"; };
		F4518BF72C422ED30025F067 /* PlantRecognition.entitlements */ = {isa = PBXFileReference; lastKnownFileType = text.plist.entitlements; path = PlantRecognition.entitlements; sourceTree = "<group>"; };
		F49E2B872C48F6FE002189CA /* CameraView.swift */ = {isa = PBXFileReference; lastKnownFileType = sourcecode.swift; path = CameraView.swift; sourceTree = "<group>"; };
		F4ADA40F2C42BEAE007E0FD0 /* HealthKitManager.swift */ = {isa = PBXFileReference; lastKnownFileType = sourcecode.swift; path = HealthKitManager.swift; sourceTree = "<group>"; };
		F4F96C6C2C4B76F0007100E3 /* PhotoManager.swift */ = {isa = PBXFileReference; lastKnownFileType = sourcecode.swift; path = PhotoManager.swift; sourceTree = "<group>"; };
/* End PBXFileReference section */

/* Begin PBXFrameworksBuildPhase section */
		F41FD8972C394823001690A7 /* Frameworks */ = {
			isa = PBXFrameworksBuildPhase;
			buildActionMask = 2147483647;
			files = (
			);
			runOnlyForDeploymentPostprocessing = 0;
		};
		F41FD8A72C394824001690A7 /* Frameworks */ = {
			isa = PBXFrameworksBuildPhase;
			buildActionMask = 2147483647;
			files = (
			);
			runOnlyForDeploymentPostprocessing = 0;
		};
		F41FD8B12C394824001690A7 /* Frameworks */ = {
			isa = PBXFrameworksBuildPhase;
			buildActionMask = 2147483647;
			files = (
			);
			runOnlyForDeploymentPostprocessing = 0;
		};
/* End PBXFrameworksBuildPhase section */

/* Begin PBXGroup section */
		F41FD8912C394823001690A7 = {
			isa = PBXGroup;
			children = (
				F41FD89C2C394823001690A7 /* PlantRecognition */,
				F41FD8AD2C394824001690A7 /* PlantRecognitionTests */,
				F41FD8B72C394824001690A7 /* PlantRecognitionUITests */,
				F41FD89B2C394823001690A7 /* Products */,
			);
			sourceTree = "<group>";
		};
		F41FD89B2C394823001690A7 /* Products */ = {
			isa = PBXGroup;
			children = (
				F41FD89A2C394823001690A7 /* PlantRecognition.app */,
				F41FD8AA2C394824001690A7 /* PlantRecognitionTests.xctest */,
				F41FD8B42C394824001690A7 /* PlantRecognitionUITests.xctest */,
			);
			name = Products;
			sourceTree = "<group>";
		};
		F41FD89C2C394823001690A7 /* PlantRecognition */ = {
			isa = PBXGroup;
			children = (
				F4518BF72C422ED30025F067 /* PlantRecognition.entitlements */,
				F41FD89D2C394823001690A7 /* PlantRecognitionApp.swift */,
				F41FD89F2C394823001690A7 /* ContentView.swift */,
				F49E2B872C48F6FE002189CA /* CameraView.swift */,
				F4F96C6C2C4B76F0007100E3 /* PhotoManager.swift */,
				F41FD8A12C394824001690A7 /* Assets.xcassets */,
				F41FD8A32C394824001690A7 /* Preview Content */,
				F4ADA40F2C42BEAE007E0FD0 /* HealthKitManager.swift */,
			);
			path = PlantRecognition;
			sourceTree = "<group>";
		};
		F41FD8A32C394824001690A7 /* Preview Content */ = {
			isa = PBXGroup;
			children = (
				F41FD8A42C394824001690A7 /* Preview Assets.xcassets */,
			);
			path = "Preview Content";
			sourceTree = "<group>";
		};
		F41FD8AD2C394824001690A7 /* PlantRecognitionTests */ = {
			isa = PBXGroup;
			children = (
				F41FD8AE2C394824001690A7 /* PlantRecognitionTests.swift */,
			);
			path = PlantRecognitionTests;
			sourceTree = "<group>";
		};
		F41FD8B72C394824001690A7 /* PlantRecognitionUITests */ = {
			isa = PBXGroup;
			children = (
				F41FD8B82C394824001690A7 /* PlantRecognitionUITests.swift */,
				F41FD8BA2C394824001690A7 /* PlantRecognitionUITestsLaunchTests.swift */,
			);
			path = PlantRecognitionUITests;
			sourceTree = "<group>";
		};
/* End PBXGroup section */

/* Begin PBXNativeTarget section */
		F41FD8992C394823001690A7 /* PlantRecognition */ = {
			isa = PBXNativeTarget;
			buildConfigurationList = F41FD8BE2C394824001690A7 /* Build configuration list for PBXNativeTarget "PlantRecognition" */;
			buildPhases = (
				F41FD8962C394823001690A7 /* Sources */,
				F41FD8972C394823001690A7 /* Frameworks */,
				F41FD8982C394823001690A7 /* Resources */,
			);
			buildRules = (
			);
			dependencies = (
			);
			name = PlantRecognition;
			productName = PlantRecognition;
			productReference = F41FD89A2C394823001690A7 /* PlantRecognition.app */;
			productType = "com.apple.product-type.application";
		};
		F41FD8A92C394824001690A7 /* PlantRecognitionTests */ = {
			isa = PBXNativeTarget;
			buildConfigurationList = F41FD8C12C394824001690A7 /* Build configuration list for PBXNativeTarget "PlantRecognitionTests" */;
			buildPhases = (
				F41FD8A62C394824001690A7 /* Sources */,
				F41FD8A72C394824001690A7 /* Frameworks */,
				F41FD8A82C394824001690A7 /* Resources */,
			);
			buildRules = (
			);
			dependencies = (
				F41FD8AC2C394824001690A7 /* PBXTargetDependency */,
			);
			name = PlantRecognitionTests;
			productName = PlantRecognitionTests;
			productReference = F41FD8AA2C394824001690A7 /* PlantRecognitionTests.xctest */;
			productType = "com.apple.product-type.bundle.unit-test";
		};
		F41FD8B32C394824001690A7 /* PlantRecognitionUITests */ = {
			isa = PBXNativeTarget;
			buildConfigurationList = F41FD8C42C394824001690A7 /* Build configuration list for PBXNativeTarget "PlantRecognitionUITests" */;
			buildPhases = (
				F41FD8B02C394824001690A7 /* Sources */,
				F41FD8B12C394824001690A7 /* Frameworks */,
				F41FD8B22C394824001690A7 /* Resources */,
			);
			buildRules = (
			);
			dependencies = (
				F41FD8B62C394824001690A7 /* PBXTargetDependency */,
			);
			name = PlantRecognitionUITests;
			productName = PlantRecognitionUITests;
			productReference = F41FD8B42C394824001690A7 /* PlantRecognitionUITests.xctest */;
			productType = "com.apple.product-type.bundle.ui-testing";
		};
/* End PBXNativeTarget section */

/* Begin PBXProject section */
		F41FD8922C394823001690A7 /* Project object */ = {
			isa = PBXProject;
			attributes = {
				BuildIndependentTargetsInParallel = 1;
				LastSwiftUpdateCheck = 1540;
				LastUpgradeCheck = 1540;
				TargetAttributes = {
					F41FD8992C394823001690A7 = {
						CreatedOnToolsVersion = 15.4;
					};
					F41FD8A92C394824001690A7 = {
						CreatedOnToolsVersion = 15.4;
						TestTargetID = F41FD8992C394823001690A7;
					};
					F41FD8B32C394824001690A7 = {
						CreatedOnToolsVersion = 15.4;
						TestTargetID = F41FD8992C394823001690A7;
					};
				};
			};
			buildConfigurationList = F41FD8952C394823001690A7 /* Build configuration list for PBXProject "PlantRecognition" */;
			compatibilityVersion = "Xcode 14.0";
			developmentRegion = en;
			hasScannedForEncodings = 0;
			knownRegions = (
				en,
				Base,
			);
			mainGroup = F41FD8912C394823001690A7;
			productRefGroup = F41FD89B2C394823001690A7 /* Products */;
			projectDirPath = "";
			projectRoot = "";
			targets = (
				F41FD8992C394823001690A7 /* PlantRecognition */,
				F41FD8A92C394824001690A7 /* PlantRecognitionTests */,
				F41FD8B32C394824001690A7 /* PlantRecognitionUITests */,
			);
		};
/* End PBXProject section */

/* Begin PBXResourcesBuildPhase section */
		F41FD8982C394823001690A7 /* Resources */ = {
			isa = PBXResourcesBuildPhase;
			buildActionMask = 2147483647;
			files = (
				F41FD8A52C394824001690A7 /* Preview Assets.xcassets in Resources */,
				F41FD8A22C394824001690A7 /* Assets.xcassets in Resources */,
			);
			runOnlyForDeploymentPostprocessing = 0;
		};
		F41FD8A82C394824001690A7 /* Resources */ = {
			isa = PBXResourcesBuildPhase;
			buildActionMask = 2147483647;
			files = (
			);
			runOnlyForDeploymentPostprocessing = 0;
		};
		F41FD8B22C394824001690A7 /* Resources */ = {
			isa = PBXResourcesBuildPhase;
			buildActionMask = 2147483647;
			files = (
			);
			runOnlyForDeploymentPostprocessing = 0;
		};
/* End PBXResourcesBuildPhase section */

/* Begin PBXSourcesBuildPhase section */
		F41FD8962C394823001690A7 /* Sources */ = {
			isa = PBXSourcesBuildPhase;
			buildActionMask = 2147483647;
			files = (
				F41FD8A02C394823001690A7 /* ContentView.swift in Sources */,
				F4ADA4102C42BEAE007E0FD0 /* HealthKitManager.swift in Sources */,
				F41FD89E2C394823001690A7 /* PlantRecognitionApp.swift in Sources */,
				F4F96C6D2C4B76F0007100E3 /* PhotoManager.swift in Sources */,
				F49E2B882C48F6FE002189CA /* CameraView.swift in Sources */,
			);
			runOnlyForDeploymentPostprocessing = 0;
		};
		F41FD8A62C394824001690A7 /* Sources */ = {
			isa = PBXSourcesBuildPhase;
			buildActionMask = 2147483647;
			files = (
				F41FD8AF2C394824001690A7 /* PlantRecognitionTests.swift in Sources */,
			);
			runOnlyForDeploymentPostprocessing = 0;
		};
		F41FD8B02C394824001690A7 /* Sources */ = {
			isa = PBXSourcesBuildPhase;
			buildActionMask = 2147483647;
			files = (
				F41FD8BB2C394824001690A7 /* PlantRecognitionUITestsLaunchTests.swift in Sources */,
				F41FD8B92C394824001690A7 /* PlantRecognitionUITests.swift in Sources */,
			);
			runOnlyForDeploymentPostprocessing = 0;
		};
/* End PBXSourcesBuildPhase section */

/* Begin PBXTargetDependency section */
		F41FD8AC2C394824001690A7 /* PBXTargetDependency */ = {
			isa = PBXTargetDependency;
			target = F41FD8992C394823001690A7 /* PlantRecognition */;
			targetProxy = F41FD8AB2C394824001690A7 /* PBXContainerItemProxy */;
		};
		F41FD8B62C394824001690A7 /* PBXTargetDependency */ = {
			isa = PBXTargetDependency;
			target = F41FD8992C394823001690A7 /* PlantRecognition */;
			targetProxy = F41FD8B52C394824001690A7 /* PBXContainerItemProxy */;
		};
/* End PBXTargetDependency section */

/* Begin XCBuildConfiguration section */
		F41FD8BC2C394824001690A7 /* Debug */ = {
			isa = XCBuildConfiguration;
			buildSettings = {
				ALWAYS_SEARCH_USER_PATHS = NO;
				ASSETCATALOG_COMPILER_GENERATE_SWIFT_ASSET_SYMBOL_EXTENSIONS = YES;
				CLANG_ANALYZER_NONNULL = YES;
				CLANG_ANALYZER_NUMBER_OBJECT_CONVERSION = YES_AGGRESSIVE;
				CLANG_CXX_LANGUAGE_STANDARD = "gnu++20";
				CLANG_ENABLE_MODULES = YES;
				CLANG_ENABLE_OBJC_ARC = YES;
				CLANG_ENABLE_OBJC_WEAK = YES;
				CLANG_WARN_BLOCK_CAPTURE_AUTORELEASING = YES;
				CLANG_WARN_BOOL_CONVERSION = YES;
				CLANG_WARN_COMMA = YES;
				CLANG_WARN_CONSTANT_CONVERSION = YES;
				CLANG_WARN_DEPRECATED_OBJC_IMPLEMENTATIONS = YES;
				CLANG_WARN_DIRECT_OBJC_ISA_USAGE = YES_ERROR;
				CLANG_WARN_DOCUMENTATION_COMMENTS = YES;
				CLANG_WARN_EMPTY_BODY = YES;
				CLANG_WARN_ENUM_CONVERSION = YES;
				CLANG_WARN_INFINITE_RECURSION = YES;
				CLANG_WARN_INT_CONVERSION = YES;
				CLANG_WARN_NON_LITERAL_NULL_CONVERSION = YES;
				CLANG_WARN_OBJC_IMPLICIT_RETAIN_SELF = YES;
				CLANG_WARN_OBJC_LITERAL_CONVERSION = YES;
				CLANG_WARN_OBJC_ROOT_CLASS = YES_ERROR;
				CLANG_WARN_QUOTED_INCLUDE_IN_FRAMEWORK_HEADER = YES;
				CLANG_WARN_RANGE_LOOP_ANALYSIS = YES;
				CLANG_WARN_STRICT_PROTOTYPES = YES;
				CLANG_WARN_SUSPICIOUS_MOVE = YES;
				CLANG_WARN_UNGUARDED_AVAILABILITY = YES_AGGRESSIVE;
				CLANG_WARN_UNREACHABLE_CODE = YES;
				CLANG_WARN__DUPLICATE_METHOD_MATCH = YES;
				COPY_PHASE_STRIP = NO;
				DEBUG_INFORMATION_FORMAT = dwarf;
				ENABLE_STRICT_OBJC_MSGSEND = YES;
				ENABLE_TESTABILITY = YES;
				ENABLE_USER_SCRIPT_SANDBOXING = YES;
				GCC_C_LANGUAGE_STANDARD = gnu17;
				GCC_DYNAMIC_NO_PIC = NO;
				GCC_NO_COMMON_BLOCKS = YES;
				GCC_OPTIMIZATION_LEVEL = 0;
				GCC_PREPROCESSOR_DEFINITIONS = (
					"DEBUG=1",
					"$(inherited)",
				);
				GCC_WARN_64_TO_32_BIT_CONVERSION = YES;
				GCC_WARN_ABOUT_RETURN_TYPE = YES_ERROR;
				GCC_WARN_UNDECLARED_SELECTOR = YES;
				GCC_WARN_UNINITIALIZED_AUTOS = YES_AGGRESSIVE;
				GCC_WARN_UNUSED_FUNCTION = YES;
				GCC_WARN_UNUSED_VARIABLE = YES;
				IPHONEOS_DEPLOYMENT_TARGET = 17.5;
				LOCALIZATION_PREFERS_STRING_CATALOGS = YES;
				MTL_ENABLE_DEBUG_INFO = INCLUDE_SOURCE;
				MTL_FAST_MATH = YES;
				ONLY_ACTIVE_ARCH = YES;
				SDKROOT = iphoneos;
				SWIFT_ACTIVE_COMPILATION_CONDITIONS = "DEBUG $(inherited)";
				SWIFT_OPTIMIZATION_LEVEL = "-Onone";
			};
			name = Debug;
		};
		F41FD8BD2C394824001690A7 /* Release */ = {
			isa = XCBuildConfiguration;
			buildSettings = {
				ALWAYS_SEARCH_USER_PATHS = NO;
				ASSETCATALOG_COMPILER_GENERATE_SWIFT_ASSET_SYMBOL_EXTENSIONS = YES;
				CLANG_ANALYZER_NONNULL = YES;
				CLANG_ANALYZER_NUMBER_OBJECT_CONVERSION = YES_AGGRESSIVE;
				CLANG_CXX_LANGUAGE_STANDARD = "gnu++20";
				CLANG_ENABLE_MODULES = YES;
				CLANG_ENABLE_OBJC_ARC = YES;
				CLANG_ENABLE_OBJC_WEAK = YES;
				CLANG_WARN_BLOCK_CAPTURE_AUTORELEASING = YES;
				CLANG_WARN_BOOL_CONVERSION = YES;
				CLANG_WARN_COMMA = YES;
				CLANG_WARN_CONSTANT_CONVERSION = YES;
				CLANG_WARN_DEPRECATED_OBJC_IMPLEMENTATIONS = YES;
				CLANG_WARN_DIRECT_OBJC_ISA_USAGE = YES_ERROR;
				CLANG_WARN_DOCUMENTATION_COMMENTS = YES;
				CLANG_WARN_EMPTY_BODY = YES;
				CLANG_WARN_ENUM_CONVERSION = YES;
				CLANG_WARN_INFINITE_RECURSION = YES;
				CLANG_WARN_INT_CONVERSION = YES;
				CLANG_WARN_NON_LITERAL_NULL_CONVERSION = YES;
				CLANG_WARN_OBJC_IMPLICIT_RETAIN_SELF = YES;
				CLANG_WARN_OBJC_LITERAL_CONVERSION = YES;
				CLANG_WARN_OBJC_ROOT_CLASS = YES_ERROR;
				CLANG_WARN_QUOTED_INCLUDE_IN_FRAMEWORK_HEADER = YES;
				CLANG_WARN_RANGE_LOOP_ANALYSIS = YES;
				CLANG_WARN_STRICT_PROTOTYPES = YES;
				CLANG_WARN_SUSPICIOUS_MOVE = YES;
				CLANG_WARN_UNGUARDED_AVAILABILITY = YES_AGGRESSIVE;
				CLANG_WARN_UNREACHABLE_CODE = YES;
				CLANG_WARN__DUPLICATE_METHOD_MATCH = YES;
				COPY_PHASE_STRIP = NO;
				DEBUG_INFORMATION_FORMAT = "dwarf-with-dsym";
				ENABLE_NS_ASSERTIONS = NO;
				ENABLE_STRICT_OBJC_MSGSEND = YES;
				ENABLE_USER_SCRIPT_SANDBOXING = YES;
				GCC_C_LANGUAGE_STANDARD = gnu17;
				GCC_NO_COMMON_BLOCKS = YES;
				GCC_WARN_64_TO_32_BIT_CONVERSION = YES;
				GCC_WARN_ABOUT_RETURN_TYPE = YES_ERROR;
				GCC_WARN_UNDECLARED_SELECTOR = YES;
				GCC_WARN_UNINITIALIZED_AUTOS = YES_AGGRESSIVE;
				GCC_WARN_UNUSED_FUNCTION = YES;
				GCC_WARN_UNUSED_VARIABLE = YES;
				IPHONEOS_DEPLOYMENT_TARGET = 17.5;
				LOCALIZATION_PREFERS_STRING_CATALOGS = YES;
				MTL_ENABLE_DEBUG_INFO = NO;
				MTL_FAST_MATH = YES;
				SDKROOT = iphoneos;
				SWIFT_COMPILATION_MODE = wholemodule;
				VALIDATE_PRODUCT = YES;
			};
			name = Release;
		};
		F41FD8BF2C394824001690A7 /* Debug */ = {
			isa = XCBuildConfiguration;
			buildSettings = {
				ASSETCATALOG_COMPILER_APPICON_NAME = AppIcon;
				ASSETCATALOG_COMPILER_GLOBAL_ACCENT_COLOR_NAME = AccentColor;
				CODE_SIGN_ENTITLEMENTS = PlantRecognition/PlantRecognition.entitlements;
				CODE_SIGN_STYLE = Automatic;
				CURRENT_PROJECT_VERSION = 1;
				DEVELOPMENT_ASSET_PATHS = "\"PlantRecognition/Preview Content\"";
				DEVELOPMENT_TEAM = F6BT4S3UKZ;
				ENABLE_PREVIEWS = YES;
				GENERATE_INFOPLIST_FILE = YES;
				INFOPLIST_KEY_NSCameraUsageDescription = "We need your camera permission";
				INFOPLIST_KEY_NSHealthClinicalHealthRecordsShareUsageDescription = "We need to get your step count";
				INFOPLIST_KEY_NSHealthShareUsageDescription = "We need to get your step count";
				INFOPLIST_KEY_NSHealthUpdateUsageDescription = "We need to get your step count";
				INFOPLIST_KEY_NSPhotoLibraryUsageDescription = "We need to get your photo library";
				INFOPLIST_KEY_UIApplicationSceneManifest_Generation = YES;
				INFOPLIST_KEY_UIApplicationSupportsIndirectInputEvents = YES;
				INFOPLIST_KEY_UILaunchScreen_Generation = YES;
				INFOPLIST_KEY_UISupportedInterfaceOrientations_iPad = "UIInterfaceOrientationPortrait UIInterfaceOrientationPortraitUpsideDown UIInterfaceOrientationLandscapeLeft UIInterfaceOrientationLandscapeRight";
				INFOPLIST_KEY_UISupportedInterfaceOrientations_iPhone = "UIInterfaceOrientationPortrait UIInterfaceOrientationLandscapeLeft UIInterfaceOrientationLandscapeRight";
				LD_RUNPATH_SEARCH_PATHS = (
					"$(inherited)",
					"@executable_path/Frameworks",
				);
				MARKETING_VERSION = 1.0;
				PRODUCT_BUNDLE_IDENTIFIER = com.wzqd.PlantRecognition;
				PRODUCT_NAME = "$(TARGET_NAME)";
				SWIFT_EMIT_LOC_STRINGS = YES;
				SWIFT_VERSION = 5.0;
				TARGETED_DEVICE_FAMILY = "1,2";
			};
			name = Debug;
		};
		F41FD8C02C394824001690A7 /* Release */ = {
			isa = XCBuildConfiguration;
			buildSettings = {
				ASSETCATALOG_COMPILER_APPICON_NAME = AppIcon;
				ASSETCATALOG_COMPILER_GLOBAL_ACCENT_COLOR_NAME = AccentColor;
				CODE_SIGN_ENTITLEMENTS = PlantRecognition/PlantRecognition.entitlements;
				CODE_SIGN_STYLE = Automatic;
				CURRENT_PROJECT_VERSION = 1;
				DEVELOPMENT_ASSET_PATHS = "\"PlantRecognition/Preview Content\"";
				DEVELOPMENT_TEAM = F6BT4S3UKZ;
				ENABLE_PREVIEWS = YES;
				GENERATE_INFOPLIST_FILE = YES;
				INFOPLIST_KEY_NSCameraUsageDescription = "We need your camera permission";
				INFOPLIST_KEY_NSHealthClinicalHealthRecordsShareUsageDescription = "We need to get your step count";
				INFOPLIST_KEY_NSHealthShareUsageDescription = "We need to get your step count";
				INFOPLIST_KEY_NSHealthUpdateUsageDescription = "We need to get your step count";
				INFOPLIST_KEY_NSPhotoLibraryUsageDescription = "We need to get your photo library";
				INFOPLIST_KEY_UIApplicationSceneManifest_Generation = YES;
				INFOPLIST_KEY_UIApplicationSupportsIndirectInputEvents = YES;
				INFOPLIST_KEY_UILaunchScreen_Generation = YES;
				INFOPLIST_KEY_UISupportedInterfaceOrientations_iPad = "UIInterfaceOrientationPortrait UIInterfaceOrientationPortraitUpsideDown UIInterfaceOrientationLandscapeLeft UIInterfaceOrientationLandscapeRight";
				INFOPLIST_KEY_UISupportedInterfaceOrientations_iPhone = "UIInterfaceOrientationPortrait UIInterfaceOrientationLandscapeLeft UIInterfaceOrientationLandscapeRight";
				LD_RUNPATH_SEARCH_PATHS = (
					"$(inherited)",
					"@executable_path/Frameworks",
				);
				MARKETING_VERSION = 1.0;
				PRODUCT_BUNDLE_IDENTIFIER = com.wzqd.PlantRecognition;
				PRODUCT_NAME = "$(TARGET_NAME)";
				SWIFT_EMIT_LOC_STRINGS = YES;
				SWIFT_VERSION = 5.0;
				TARGETED_DEVICE_FAMILY = "1,2";
			};
			name = Release;
		};
		F41FD8C22C394824001690A7 /* Debug */ = {
			isa = XCBuildConfiguration;
			buildSettings = {
				ALWAYS_EMBED_SWIFT_STANDARD_LIBRARIES = YES;
				BUNDLE_LOADER = "$(TEST_HOST)";
				CODE_SIGN_STYLE = Automatic;
				CURRENT_PROJECT_VERSION = 1;
				DEVELOPMENT_TEAM = F6BT4S3UKZ;
				GENERATE_INFOPLIST_FILE = YES;
				IPHONEOS_DEPLOYMENT_TARGET = 17.5;
				MARKETING_VERSION = 1.0;
				PRODUCT_BUNDLE_IDENTIFIER = com.wzqd.PlantRecognitionTests;
				PRODUCT_NAME = "$(TARGET_NAME)";
				SWIFT_EMIT_LOC_STRINGS = NO;
				SWIFT_VERSION = 5.0;
				TARGETED_DEVICE_FAMILY = "1,2";
				TEST_HOST = "$(BUILT_PRODUCTS_DIR)/PlantRecognition.app/$(BUNDLE_EXECUTABLE_FOLDER_PATH)/PlantRecognition";
			};
			name = Debug;
		};
		F41FD8C32C394824001690A7 /* Release */ = {
			isa = XCBuildConfiguration;
			buildSettings = {
				ALWAYS_EMBED_SWIFT_STANDARD_LIBRARIES = YES;
				BUNDLE_LOADER = "$(TEST_HOST)";
				CODE_SIGN_STYLE = Automatic;
				CURRENT_PROJECT_VERSION = 1;
				DEVELOPMENT_TEAM = F6BT4S3UKZ;
				GENERATE_INFOPLIST_FILE = YES;
				IPHONEOS_DEPLOYMENT_TARGET = 17.5;
				MARKETING_VERSION = 1.0;
				PRODUCT_BUNDLE_IDENTIFIER = com.wzqd.PlantRecognitionTests;
				PRODUCT_NAME = "$(TARGET_NAME)";
				SWIFT_EMIT_LOC_STRINGS = NO;
				SWIFT_VERSION = 5.0;
				TARGETED_DEVICE_FAMILY = "1,2";
				TEST_HOST = "$(BUILT_PRODUCTS_DIR)/PlantRecognition.app/$(BUNDLE_EXECUTABLE_FOLDER_PATH)/PlantRecognition";
			};
			name = Release;
		};
		F41FD8C52C394824001690A7 /* Debug */ = {
			isa = XCBuildConfiguration;
			buildSettings = {
				ALWAYS_EMBED_SWIFT_STANDARD_LIBRARIES = YES;
				CODE_SIGN_STYLE = Automatic;
				CURRENT_PROJECT_VERSION = 1;
				DEVELOPMENT_TEAM = F6BT4S3UKZ;
				GENERATE_INFOPLIST_FILE = YES;
				MARKETING_VERSION = 1.0;
				PRODUCT_BUNDLE_IDENTIFIER = com.wzqd.PlantRecognitionUITests;
				PRODUCT_NAME = "$(TARGET_NAME)";
				SWIFT_EMIT_LOC_STRINGS = NO;
				SWIFT_VERSION = 5.0;
				TARGETED_DEVICE_FAMILY = "1,2";
				TEST_TARGET_NAME = PlantRecognition;
			};
			name = Debug;
		};
		F41FD8C62C394824001690A7 /* Release */ = {
			isa = XCBuildConfiguration;
			buildSettings = {
				ALWAYS_EMBED_SWIFT_STANDARD_LIBRARIES = YES;
				CODE_SIGN_STYLE = Automatic;
				CURRENT_PROJECT_VERSION = 1;
				DEVELOPMENT_TEAM = F6BT4S3UKZ;
				GENERATE_INFOPLIST_FILE = YES;
				MARKETING_VERSION = 1.0;
				PRODUCT_BUNDLE_IDENTIFIER = com.wzqd.PlantRecognitionUITests;
				PRODUCT_NAME = "$(TARGET_NAME)";
				SWIFT_EMIT_LOC_STRINGS = NO;
				SWIFT_VERSION = 5.0;
				TARGETED_DEVICE_FAMILY = "1,2";
				TEST_TARGET_NAME = PlantRecognition;
			};
			name = Release;
		};
/* End XCBuildConfiguration section */

/* Begin XCConfigurationList section */
		F41FD8952C394823001690A7 /* Build configuration list for PBXProject "PlantRecognition" */ = {
			isa = XCConfigurationList;
			buildConfigurations = (
				F41FD8BC2C394824001690A7 /* Debug */,
				F41FD8BD2C394824001690A7 /* Release */,
			);
			defaultConfigurationIsVisible = 0;
			defaultConfigurationName = Release;
		};
		F41FD8BE2C394824001690A7 /* Build configuration list for PBXNativeTarget "PlantRecognition" */ = {
			isa = XCConfigurationList;
			buildConfigurations = (
				F41FD8BF2C394824001690A7 /* Debug */,
				F41FD8C02C394824001690A7 /* Release */,
			);
			defaultConfigurationIsVisible = 0;
			defaultConfigurationName = Release;
		};
		F41FD8C12C394824001690A7 /* Build configuration list for PBXNativeTarget "PlantRecognitionTests" */ = {
			isa = XCConfigurationList;
			buildConfigurations = (
				F41FD8C22C394824001690A7 /* Debug */,
				F41FD8C32C394824001690A7 /* Release */,
			);
			defaultConfigurationIsVisible = 0;
			defaultConfigurationName = Release;
		};
		F41FD8C42C394824001690A7 /* Build configuration list for PBXNativeTarget "PlantRecognitionUITests" */ = {
			isa = XCConfigurationList;
			buildConfigurations = (
				F41FD8C52C394824001690A7 /* Debug */,
				F41FD8C62C394824001690A7 /* Release */,
			);
			defaultConfigurationIsVisible = 0;
			defaultConfigurationName = Release;
		};
/* End XCConfigurationList section */
	};
	rootObject = F41FD8922C394823001690A7 /* Project object */;
}
